// !$*UTF8*$!
{
	archiveVersion = 1;
	classes = {
	};
	objectVersion = 70;
	objects = {

/* Begin PBXBuildFile section */
		0403BA4774D144F421BF929C /* App/BeautyConciergeApp.swift in Sources */ = {isa = PBXBuildFile; fileRef = 79E60C6710605F989427A737 /* App/BeautyConciergeApp.swift */; };
		0B5E5510E8E34B7BA1F9D5A1 /* App/SessionStore.swift in Sources */ = {isa = PBXBuildFile; fileRef = 0B5E5510E8E34B7BA1F9D5A0 /* App/SessionStore.swift */; };
		0FA6AB9B2E9F054186CFE8B1 /* DesignSystem/BeautyDesignSystem.swift in Sources */ = {isa = PBXBuildFile; fileRef = DF23867EB8718C3C4EC54151 /* DesignSystem/BeautyDesignSystem.swift */; };
		1603F6551FA92A43BDE8002E /* App/AppEnvironment.swift in Sources */ = {isa = PBXBuildFile; fileRef = 315CA9F2F4F62984EEBC1B13 /* App/AppEnvironment.swift */; };
		22C1FDE339015EBE785529B8 /* Services/CachedRemoteImage.swift in Sources */ = {isa = PBXBuildFile; fileRef = 83F09FCC8A5A0D626CD95C5A /* Services/CachedRemoteImage.swift */; };
		323267A4A85DF6F714DE4050 /* Features/Cart/CartView.swift in Sources */ = {isa = PBXBuildFile; fileRef = 93B076B25C7301D0ACB70290 /* Features/Cart/CartView.swift */; };
		326AA8BCEB24820D50D09FC8 /* Features/Shared/HomeView.swift in Sources */ = {isa = PBXBuildFile; fileRef = 62833413ABF1FBBEA4AD3B03 /* Features/Shared/HomeView.swift */; };
		33896A6A081E1CA3E5961327 /* DesignSystem/BeautyComponents.swift in Sources */ = {isa = PBXBuildFile; fileRef = 8321308F66614A39F4EDF5BD /* DesignSystem/BeautyComponents.swift */; };
		3DA1BCE7D2A01193C5149AB3 /* Services/CameraCapture.swift in Sources */ = {isa = PBXBuildFile; fileRef = CDEF15565A902FA6DE8D024B /* Services/CameraCapture.swift */; };
		3F0E0A07488B2CD9289650DC /* Features/Product/ProductDetailView.swift in Sources */ = {isa = PBXBuildFile; fileRef = ED17244D2F46A0FEB3752833 /* Features/Product/ProductDetailView.swift */; };
		52C303F504890143D44C6DB2 /* App/LocalFallbackCatalog.swift in Sources */ = {isa = PBXBuildFile; fileRef = A4A5A97473336B607A8C2843 /* App/LocalFallbackCatalog.swift */; };
		5DDBF56ADE2A3FA417AF0D28 /* Resources/Assets.xcassets in Resources */ = {isa = PBXBuildFile; fileRef = 0DB7571B8334F5E7680A9B20 /* Resources/Assets.xcassets */; };
		68A1CFE364068E3BF7E3A8AC /* Services/APIClient.swift in Sources */ = {isa = PBXBuildFile; fileRef = 6AE6DBFF82724B632710C017 /* Services/APIClient.swift */; };
		9281BF33F2FAE691DF4E3E85 /* Features/Profile/ProfileView.swift in Sources */ = {isa = PBXBuildFile; fileRef = A31B3AE4D479BC274C978ABC /* Features/Profile/ProfileView.swift */; };
		9E7DBE51CF7A78806DCD8892 /* App/AppState.swift in Sources */ = {isa = PBXBuildFile; fileRef = 05A10DD59C77C974BDFFAFD6 /* App/AppState.swift */; };
		A99D83CAE7348BC891F3E0DE /* Features/Auth/AuthView.swift in Sources */ = {isa = PBXBuildFile; fileRef = 065048A1E8B1C15A126F9355 /* Features/Auth/AuthView.swift */; };
		AFAA8BF38E998ED449A9F2A9 /* Features/Scan/PhotoScanView.swift in Sources */ = {isa = PBXBuildFile; fileRef = DF63FF6F54C98E45B4C2EB4D /* Features/Scan/PhotoScanView.swift */; };
		AFBEDC6D6C55B839DAD78E31 /* Features/Advisor/AdvisorView.swift in Sources */ = {isa = PBXBuildFile; fileRef = BEC776A83CBA01BA3A1F2D81 /* Features/Advisor/AdvisorView.swift */; };
		B0B5E2A3C4D54678A901F102 /* Services/Observability.swift in Sources */ = {isa = PBXBuildFile; fileRef = A0A5E2A3C4D54678A901F102 /* Services/Observability.swift */; };
		B5C000000000000000000001 /* Features/Scan/BeautyScanCameraView.swift in Sources */ = {isa = PBXBuildFile; fileRef = B5D000000000000000000001 /* Features/Scan/BeautyScanCameraView.swift */; };
		B5C000000000000000000002 /* Features/Scan/BeautyScanOverlayView.swift in Sources */ = {isa = PBXBuildFile; fileRef = B5D000000000000000000002 /* Features/Scan/BeautyScanOverlayView.swift */; };
		B5C000000000000000000003 /* Features/Scan/BeautyScanViewModel.swift in Sources */ = {isa = PBXBuildFile; fileRef = B5D000000000000000000003 /* Features/Scan/BeautyScanViewModel.swift */; };
		B5C000000000000000000005 /* Features/Scan/FaceGateView.swift in Sources */ = {isa = PBXBuildFile; fileRef = B5D000000000000000000005 /* Features/Scan/FaceGateView.swift */; };
		B5C000000000000000000004 /* Services/BeautyScanCameraController.swift in Sources */ = {isa = PBXBuildFile; fileRef = B5D000000000000000000004 /* Services/BeautyScanCameraController.swift */; };
		C079D028A1BE36D2C96C1366 /* Features/Settings/SettingsView.swift in Sources */ = {isa = PBXBuildFile; fileRef = A53A2E73E9FB587BD8AFAEC9 /* Features/Settings/SettingsView.swift */; };
		C10000000000000000000002 /* BeautyConciergeTests.swift in Sources */ = {isa = PBXBuildFile; fileRef = C10000000000000000000001 /* BeautyConciergeTests.swift */; };
		C256A921E45539638077EB62 /* Models/BeautyModels.swift in Sources */ = {isa = PBXBuildFile; fileRef = 5E07323116827AE99C7E066A /* Models/BeautyModels.swift */; };
		C44A3018F346EE794176F1AA /* Features/BeautyID/BeautyIDSetupView.swift in Sources */ = {isa = PBXBuildFile; fileRef = 2756FE0FC152316843CA1A49 /* Features/BeautyID/BeautyIDSetupView.swift */; };
		DA9A6B442FD0A4210008BD73 /* Features/Shared/ProductViews.swift in Sources */ = {isa = PBXBuildFile; fileRef = C169BCE5B342CEA7535AD05D /* Features/Shared/ProductViews.swift */; };
		E778BEAA207CC8A8B11361D2 /* App/RootView.swift in Sources */ = {isa = PBXBuildFile; fileRef = 9740FBDFEAB1CBBE29CF2E18 /* App/RootView.swift */; };
		F05F4EACCAB681C53A1A7AFC /* Features/Recommendations/RecommendationsView.swift in Sources */ = {isa = PBXBuildFile; fileRef = 2CAE190AF0BD41C2097B3246 /* Features/Recommendations/RecommendationsView.swift */; };
		F18FD39366215944D9B9E815 /* Services/KeychainStore.swift in Sources */ = {isa = PBXBuildFile; fileRef = 402B7AD958CEB31691142983 /* Services/KeychainStore.swift */; };
		F8077FA59D7E56B03DBADE86 /* Services/Haptics.swift in Sources */ = {isa = PBXBuildFile; fileRef = DD95A07FF1BDD9B0E6C585C1 /* Services/Haptics.swift */; };
		F964E02D3D84C3F3045221E6 /* Features/Onboarding/OnboardingView.swift in Sources */ = {isa = PBXBuildFile; fileRef = EC93BA893235766AFF19A800 /* Features/Onboarding/OnboardingView.swift */; };
/* End PBXBuildFile section */

/* Begin PBXContainerItemProxy section */
		C10000000000000000000009 /* PBXContainerItemProxy */ = {
			isa = PBXContainerItemProxy;
			containerPortal = AFC74C69B8FAF538E614821C /* Project object */;
			proxyType = 1;
			remoteGlobalIDString = F0D1940621C7A8B1D18D3388;
			remoteInfo = BeautyConcierge;
		};
/* End PBXContainerItemProxy section */

/* Begin PBXFileReference section */
		05A10DD59C77C974BDFFAFD6 /* App/AppState.swift */ = {isa = PBXFileReference; lastKnownFileType = sourcecode.swift; path = App/AppState.swift; sourceTree = "<group>"; };
		065048A1E8B1C15A126F9355 /* Features/Auth/AuthView.swift */ = {isa = PBXFileReference; lastKnownFileType = sourcecode.swift; path = Features/Auth/AuthView.swift; sourceTree = "<group>"; };
		0B5E5510E8E34B7BA1F9D5A0 /* App/SessionStore.swift */ = {isa = PBXFileReference; lastKnownFileType = sourcecode.swift; path = App/SessionStore.swift; sourceTree = "<group>"; };
		0DB7571B8334F5E7680A9B20 /* Resources/Assets.xcassets */ = {isa = PBXFileReference; lastKnownFileType = folder.assetcatalog; path = Resources/Assets.xcassets; sourceTree = "<group>"; };
		2756FE0FC152316843CA1A49 /* Features/BeautyID/BeautyIDSetupView.swift */ = {isa = PBXFileReference; lastKnownFileType = sourcecode.swift; path = Features/BeautyID/BeautyIDSetupView.swift; sourceTree = "<group>"; };
		2CAE190AF0BD41C2097B3246 /* Features/Recommendations/RecommendationsView.swift */ = {isa = PBXFileReference; lastKnownFileType = sourcecode.swift; path = Features/Recommendations/RecommendationsView.swift; sourceTree = "<group>"; };
		315CA9F2F4F62984EEBC1B13 /* App/AppEnvironment.swift */ = {isa = PBXFileReference; lastKnownFileType = sourcecode.swift; path = App/AppEnvironment.swift; sourceTree = "<group>"; };
		402B7AD958CEB31691142983 /* Services/KeychainStore.swift */ = {isa = PBXFileReference; lastKnownFileType = sourcecode.swift; path = Services/KeychainStore.swift; sourceTree = "<group>"; };
		5E07323116827AE99C7E066A /* Models/BeautyModels.swift */ = {isa = PBXFileReference; lastKnownFileType = sourcecode.swift; path = Models/BeautyModels.swift; sourceTree = "<group>"; };
		62833413ABF1FBBEA4AD3B03 /* Features/Shared/HomeView.swift */ = {isa = PBXFileReference; lastKnownFileType = sourcecode.swift; path = Features/Shared/HomeView.swift; sourceTree = "<group>"; };
		6AE6DBFF82724B632710C017 /* Services/APIClient.swift */ = {isa = PBXFileReference; lastKnownFileType = sourcecode.swift; path = Services/APIClient.swift; sourceTree = "<group>"; };
		79E60C6710605F989427A737 /* App/BeautyConciergeApp.swift */ = {isa = PBXFileReference; lastKnownFileType = sourcecode.swift; path = App/BeautyConciergeApp.swift; sourceTree = "<group>"; };
		8321308F66614A39F4EDF5BD /* DesignSystem/BeautyComponents.swift */ = {isa = PBXFileReference; lastKnownFileType = sourcecode.swift; path = DesignSystem/BeautyComponents.swift; sourceTree = "<group>"; };
		83F09FCC8A5A0D626CD95C5A /* Services/CachedRemoteImage.swift */ = {isa = PBXFileReference; lastKnownFileType = sourcecode.swift; path = Services/CachedRemoteImage.swift; sourceTree = "<group>"; };
		93B076B25C7301D0ACB70290 /* Features/Cart/CartView.swift */ = {isa = PBXFileReference; lastKnownFileType = sourcecode.swift; path = Features/Cart/CartView.swift; sourceTree = "<group>"; };
		9740FBDFEAB1CBBE29CF2E18 /* App/RootView.swift */ = {isa = PBXFileReference; lastKnownFileType = sourcecode.swift; path = App/RootView.swift; sourceTree = "<group>"; };
		A0A5E2A3C4D54678A901F102 /* Services/Observability.swift */ = {isa = PBXFileReference; lastKnownFileType = sourcecode.swift; path = Services/Observability.swift; sourceTree = "<group>"; };
		A31B3AE4D479BC274C978ABC /* Features/Profile/ProfileView.swift */ = {isa = PBXFileReference; lastKnownFileType = sourcecode.swift; path = Features/Profile/ProfileView.swift; sourceTree = "<group>"; };
		A4A5A97473336B607A8C2843 /* App/LocalFallbackCatalog.swift */ = {isa = PBXFileReference; lastKnownFileType = sourcecode.swift; path = App/LocalFallbackCatalog.swift; sourceTree = "<group>"; };
		A53A2E73E9FB587BD8AFAEC9 /* Features/Settings/SettingsView.swift */ = {isa = PBXFileReference; lastKnownFileType = sourcecode.swift; path = Features/Settings/SettingsView.swift; sourceTree = "<group>"; };
		B15A13ACECE86FF5B996CE6C /* Info.plist */ = {isa = PBXFileReference; lastKnownFileType = text.plist.xml; path = Info.plist; sourceTree = "<group>"; };
		B5D000000000000000000001 /* Features/Scan/BeautyScanCameraView.swift */ = {isa = PBXFileReference; lastKnownFileType = sourcecode.swift; path = Features/Scan/BeautyScanCameraView.swift; sourceTree = "<group>"; };
		B5D000000000000000000002 /* Features/Scan/BeautyScanOverlayView.swift */ = {isa = PBXFileReference; lastKnownFileType = sourcecode.swift; path = Features/Scan/BeautyScanOverlayView.swift; sourceTree = "<group>"; };
		B5D000000000000000000003 /* Features/Scan/BeautyScanViewModel.swift */ = {isa = PBXFileReference; lastKnownFileType = sourcecode.swift; path = Features/Scan/BeautyScanViewModel.swift; sourceTree = "<group>"; };
		B5D000000000000000000005 /* Features/Scan/FaceGateView.swift */ = {isa = PBXFileReference; lastKnownFileType = sourcecode.swift; path = Features/Scan/FaceGateView.swift; sourceTree = "<group>"; };
		B5D000000000000000000004 /* Services/BeautyScanCameraController.swift */ = {isa = PBXFileReference; lastKnownFileType = sourcecode.swift; path = Services/BeautyScanCameraController.swift; sourceTree = "<group>"; };
		BEC776A83CBA01BA3A1F2D81 /* Features/Advisor/AdvisorView.swift */ = {isa = PBXFileReference; lastKnownFileType = sourcecode.swift; path = Features/Advisor/AdvisorView.swift; sourceTree = "<group>"; };
		C10000000000000000000001 /* BeautyConciergeTests.swift */ = {isa = PBXFileReference; lastKnownFileType = sourcecode.swift; path = BeautyConciergeTests.swift; sourceTree = "<group>"; };
		C10000000000000000000004 /* BeautyConciergeTests.xctest */ = {isa = PBXFileReference; explicitFileType = wrapper.cfbundle; includeInIndex = 0; path = BeautyConciergeTests.xctest; sourceTree = BUILT_PRODUCTS_DIR; };
		C169BCE5B342CEA7535AD05D /* Features/Shared/ProductViews.swift */ = {isa = PBXFileReference; lastKnownFileType = sourcecode.swift; path = Features/Shared/ProductViews.swift; sourceTree = "<group>"; };
		CCBC9F8B30177EB5BC53402C /* BeautyConcierge.app */ = {isa = PBXFileReference; explicitFileType = wrapper.application; includeInIndex = 0; path = BeautyConcierge.app; sourceTree = BUILT_PRODUCTS_DIR; };
		CDEF15565A902FA6DE8D024B /* Services/CameraCapture.swift */ = {isa = PBXFileReference; lastKnownFileType = sourcecode.swift; path = Services/CameraCapture.swift; sourceTree = "<group>"; };
		DD95A07FF1BDD9B0E6C585C1 /* Services/Haptics.swift */ = {isa = PBXFileReference; lastKnownFileType = sourcecode.swift; path = Services/Haptics.swift; sourceTree = "<group>"; };
		DF23867EB8718C3C4EC54151 /* DesignSystem/BeautyDesignSystem.swift */ = {isa = PBXFileReference; lastKnownFileType = sourcecode.swift; path = DesignSystem/BeautyDesignSystem.swift; sourceTree = "<group>"; };
		DF63FF6F54C98E45B4C2EB4D /* Features/Scan/PhotoScanView.swift */ = {isa = PBXFileReference; lastKnownFileType = sourcecode.swift; path = Features/Scan/PhotoScanView.swift; sourceTree = "<group>"; };
		EC93BA893235766AFF19A800 /* Features/Onboarding/OnboardingView.swift */ = {isa = PBXFileReference; lastKnownFileType = sourcecode.swift; path = Features/Onboarding/OnboardingView.swift; sourceTree = "<group>"; };
		ED17244D2F46A0FEB3752833 /* Features/Product/ProductDetailView.swift */ = {isa = PBXFileReference; lastKnownFileType = sourcecode.swift; path = Features/Product/ProductDetailView.swift; sourceTree = "<group>"; };
/* End PBXFileReference section */

/* Begin PBXFileSystemSynchronizedRootGroup section */
		83F829232FABB8CA00A8200D /* New Folder */ = {isa = PBXFileSystemSynchronizedRootGroup; explicitFileTypes = {}; explicitFolders = (); path = "New Folder"; sourceTree = "<group>"; };
/* End PBXFileSystemSynchronizedRootGroup section */

/* Begin PBXFrameworksBuildPhase section */
		424153ED3CD079DB4DB459AF /* Frameworks */ = {
			isa = PBXFrameworksBuildPhase;
			buildActionMask = 2147483647;
			files = (
			);
			runOnlyForDeploymentPostprocessing = 0;
		};
		C10000000000000000000007 /* Frameworks */ = {
			isa = PBXFrameworksBuildPhase;
			buildActionMask = 2147483647;
			files = (
			);
			runOnlyForDeploymentPostprocessing = 0;
		};
/* End PBXFrameworksBuildPhase section */

/* Begin PBXGroup section */
		2F3A6B1E78F896718625FF06 /* Products */ = {
			isa = PBXGroup;
			children = (
				CCBC9F8B30177EB5BC53402C /* BeautyConcierge.app */,
				C10000000000000000000004 /* BeautyConciergeTests.xctest */,
			);
			name = Products;
			sourceTree = "<group>";
		};
		518DA81DB9B99529C0C0AEBE = {
			isa = PBXGroup;
			children = (
				9BD369E1B3C3E3C32DAA4538 /* BeautyConcierge */,
				C10000000000000000000003 /* BeautyConciergeTests */,
				2F3A6B1E78F896718625FF06 /* Products */,
			);
			sourceTree = "<group>";
		};
		9BD369E1B3C3E3C32DAA4538 /* BeautyConcierge */ = {
			isa = PBXGroup;
			children = (
				315CA9F2F4F62984EEBC1B13 /* App/AppEnvironment.swift */,
				05A10DD59C77C974BDFFAFD6 /* App/AppState.swift */,
				79E60C6710605F989427A737 /* App/BeautyConciergeApp.swift */,
				A4A5A97473336B607A8C2843 /* App/LocalFallbackCatalog.swift */,
				9740FBDFEAB1CBBE29CF2E18 /* App/RootView.swift */,
				0B5E5510E8E34B7BA1F9D5A0 /* App/SessionStore.swift */,
				8321308F66614A39F4EDF5BD /* DesignSystem/BeautyComponents.swift */,
				DF23867EB8718C3C4EC54151 /* DesignSystem/BeautyDesignSystem.swift */,
				BEC776A83CBA01BA3A1F2D81 /* Features/Advisor/AdvisorView.swift */,
				065048A1E8B1C15A126F9355 /* Features/Auth/AuthView.swift */,
				2756FE0FC152316843CA1A49 /* Features/BeautyID/BeautyIDSetupView.swift */,
				93B076B25C7301D0ACB70290 /* Features/Cart/CartView.swift */,
				EC93BA893235766AFF19A800 /* Features/Onboarding/OnboardingView.swift */,
				ED17244D2F46A0FEB3752833 /* Features/Product/ProductDetailView.swift */,
				A31B3AE4D479BC274C978ABC /* Features/Profile/ProfileView.swift */,
				2CAE190AF0BD41C2097B3246 /* Features/Recommendations/RecommendationsView.swift */,
				DF63FF6F54C98E45B4C2EB4D /* Features/Scan/PhotoScanView.swift */,
				B5D000000000000000000001 /* Features/Scan/BeautyScanCameraView.swift */,
				B5D000000000000000000002 /* Features/Scan/BeautyScanOverlayView.swift */,
				B5D000000000000000000003 /* Features/Scan/BeautyScanViewModel.swift */,
				B5D000000000000000000005 /* Features/Scan/FaceGateView.swift */,
				A53A2E73E9FB587BD8AFAEC9 /* Features/Settings/SettingsView.swift */,
				62833413ABF1FBBEA4AD3B03 /* Features/Shared/HomeView.swift */,
				C169BCE5B342CEA7535AD05D /* Features/Shared/ProductViews.swift */,
				5E07323116827AE99C7E066A /* Models/BeautyModels.swift */,
				6AE6DBFF82724B632710C017 /* Services/APIClient.swift */,
				B5D000000000000000000004 /* Services/BeautyScanCameraController.swift */,
				83F09FCC8A5A0D626CD95C5A /* Services/CachedRemoteImage.swift */,
				CDEF15565A902FA6DE8D024B /* Services/CameraCapture.swift */,
				DD95A07FF1BDD9B0E6C585C1 /* Services/Haptics.swift */,
				402B7AD958CEB31691142983 /* Services/KeychainStore.swift */,
				A0A5E2A3C4D54678A901F102 /* Services/Observability.swift */,
				0DB7571B8334F5E7680A9B20 /* Resources/Assets.xcassets */,
				B15A13ACECE86FF5B996CE6C /* Info.plist */,
				83F829232FABB8CA00A8200D /* New Folder */,
			);
			path = BeautyConcierge;
			sourceTree = "<group>";
		};
		C10000000000000000000003 /* BeautyConciergeTests */ = {
			isa = PBXGroup;
			children = (
				C10000000000000000000001 /* BeautyConciergeTests.swift */,
			);
			path = BeautyConciergeTests;
			sourceTree = "<group>";
		};
/* End PBXGroup section */

/* Begin PBXNativeTarget section */
		C10000000000000000000008 /* BeautyConciergeTests */ = {
			isa = PBXNativeTarget;
			buildConfigurationList = C1000000000000000000000D /* Build configuration list for PBXNativeTarget "BeautyConciergeTests" */;
			buildPhases = (
				C10000000000000000000005 /* Sources */,
				C10000000000000000000007 /* Frameworks */,
				C10000000000000000000006 /* Resources */,
			);
			buildRules = (
			);
			dependencies = (
				C1000000000000000000000A /* PBXTargetDependency */,
			);
			name = BeautyConciergeTests;
			productName = BeautyConciergeTests;
			productReference = C10000000000000000000004 /* BeautyConciergeTests.xctest */;
			productType = "com.apple.product-type.bundle.unit-test";
		};
		F0D1940621C7A8B1D18D3388 /* BeautyConcierge */ = {
			isa = PBXNativeTarget;
			buildConfigurationList = F2F62AAE534BA46EC59716F3 /* Build configuration list for PBXNativeTarget "BeautyConcierge" */;
			buildPhases = (
				7A70D71C385290AF96BF1031 /* Sources */,
				424153ED3CD079DB4DB459AF /* Frameworks */,
				285BB1C1430063331E9F5DD0 /* Resources */,
			);
			buildRules = (
			);
			dependencies = (
			);
			fileSystemSynchronizedGroups = (
				83F829232FABB8CA00A8200D /* New Folder */,
			);
			name = BeautyConcierge;
			productName = BeautyConcierge;
			productReference = CCBC9F8B30177EB5BC53402C /* BeautyConcierge.app */;
			productType = "com.apple.product-type.application";
		};
/* End PBXNativeTarget section */

/* Begin PBXProject section */
		AFC74C69B8FAF538E614821C /* Project object */ = {
			isa = PBXProject;
			attributes = {
				BuildIndependentTargetsInParallel = 1;
				LastSwiftUpdateCheck = 1500;
				LastUpgradeCheck = 1500;
				TargetAttributes = {
					F0D1940621C7A8B1D18D3388 = {
						CreatedOnToolsVersion = 15.0;
					};
				};
			};
			buildConfigurationList = 7EF2517A8FE63F4681EC5EEA /* Build configuration list for PBXProject "BeautyConcierge" */;
			compatibilityVersion = "Xcode 15.0";
			developmentRegion = en;
			hasScannedForEncodings = 0;
			knownRegions = (
				en,
				Base,
			);
			mainGroup = 518DA81DB9B99529C0C0AEBE;
			productRefGroup = 2F3A6B1E78F896718625FF06 /* Products */;
			projectDirPath = "";
			projectRoot = "";
			targets = (
				F0D1940621C7A8B1D18D3388 /* BeautyConcierge */,
				C10000000000000000000008 /* BeautyConciergeTests */,
			);
		};
/* End PBXProject section */

/* Begin PBXResourcesBuildPhase section */
		285BB1C1430063331E9F5DD0 /* Resources */ = {
			isa = PBXResourcesBuildPhase;
			buildActionMask = 2147483647;
			files = (
				5DDBF56ADE2A3FA417AF0D28 /* Resources/Assets.xcassets in Resources */,
			);
			runOnlyForDeploymentPostprocessing = 0;
		};
		C10000000000000000000006 /* Resources */ = {
			isa = PBXResourcesBuildPhase;
			buildActionMask = 2147483647;
			files = (
			);
			runOnlyForDeploymentPostprocessing = 0;
		};
/* End PBXResourcesBuildPhase section */

/* Begin PBXSourcesBuildPhase section */
		7A70D71C385290AF96BF1031 /* Sources */ = {
			isa = PBXSourcesBuildPhase;
			buildActionMask = 2147483647;
			files = (
				1603F6551FA92A43BDE8002E /* App/AppEnvironment.swift in Sources */,
				9E7DBE51CF7A78806DCD8892 /* App/AppState.swift in Sources */,
				0403BA4774D144F421BF929C /* App/BeautyConciergeApp.swift in Sources */,
				52C303F504890143D44C6DB2 /* App/LocalFallbackCatalog.swift in Sources */,
				E778BEAA207CC8A8B11361D2 /* App/RootView.swift in Sources */,
				0B5E5510E8E34B7BA1F9D5A1 /* App/SessionStore.swift in Sources */,
				33896A6A081E1CA3E5961327 /* DesignSystem/BeautyComponents.swift in Sources */,
				0FA6AB9B2E9F054186CFE8B1 /* DesignSystem/BeautyDesignSystem.swift in Sources */,
				AFBEDC6D6C55B839DAD78E31 /* Features/Advisor/AdvisorView.swift in Sources */,
				A99D83CAE7348BC891F3E0DE /* Features/Auth/AuthView.swift in Sources */,
				C44A3018F346EE794176F1AA /* Features/BeautyID/BeautyIDSetupView.swift in Sources */,
				323267A4A85DF6F714DE4050 /* Features/Cart/CartView.swift in Sources */,
				F964E02D3D84C3F3045221E6 /* Features/Onboarding/OnboardingView.swift in Sources */,
				3F0E0A07488B2CD9289650DC /* Features/Product/ProductDetailView.swift in Sources */,
				9281BF33F2FAE691DF4E3E85 /* Features/Profile/ProfileView.swift in Sources */,
				F05F4EACCAB681C53A1A7AFC /* Features/Recommendations/RecommendationsView.swift in Sources */,
				AFAA8BF38E998ED449A9F2A9 /* Features/Scan/PhotoScanView.swift in Sources */,
				B5C000000000000000000001 /* Features/Scan/BeautyScanCameraView.swift in Sources */,
				B5C000000000000000000002 /* Features/Scan/BeautyScanOverlayView.swift in Sources */,
				B5C000000000000000000003 /* Features/Scan/BeautyScanViewModel.swift in Sources */,
				B5C000000000000000000005 /* Features/Scan/FaceGateView.swift in Sources */,
				C079D028A1BE36D2C96C1366 /* Features/Settings/SettingsView.swift in Sources */,
				326AA8BCEB24820D50D09FC8 /* Features/Shared/HomeView.swift in Sources */,
				DA9A6B442FD0A4210008BD73 /* Features/Shared/ProductViews.swift in Sources */,
				C256A921E45539638077EB62 /* Models/BeautyModels.swift in Sources */,
				68A1CFE364068E3BF7E3A8AC /* Services/APIClient.swift in Sources */,
				B5C000000000000000000004 /* Services/BeautyScanCameraController.swift in Sources */,
				22C1FDE339015EBE785529B8 /* Services/CachedRemoteImage.swift in Sources */,
				3DA1BCE7D2A01193C5149AB3 /* Services/CameraCapture.swift in Sources */,
				F8077FA59D7E56B03DBADE86 /* Services/Haptics.swift in Sources */,
				F18FD39366215944D9B9E815 /* Services/KeychainStore.swift in Sources */,
				B0B5E2A3C4D54678A901F102 /* Services/Observability.swift in Sources */,
			);
			runOnlyForDeploymentPostprocessing = 0;
		};
		C10000000000000000000005 /* Sources */ = {
			isa = PBXSourcesBuildPhase;
			buildActionMask = 2147483647;
			files = (
				C10000000000000000000002 /* BeautyConciergeTests.swift in Sources */,
			);
			runOnlyForDeploymentPostprocessing = 0;
		};
/* End PBXSourcesBuildPhase section */

/* Begin PBXTargetDependency section */
		C1000000000000000000000A /* PBXTargetDependency */ = {
			isa = PBXTargetDependency;
			target = F0D1940621C7A8B1D18D3388 /* BeautyConcierge */;
			targetProxy = C10000000000000000000009 /* PBXContainerItemProxy */;
		};
/* End PBXTargetDependency section */

/* Begin XCBuildConfiguration section */
		256639833029BCA847F093AE /* Release */ = {
			isa = XCBuildConfiguration;
			buildSettings = {
				API_BASE_URL = "https://api-staging.lumatestdomen.online";
				APP_ENVIRONMENT = staging;
				ASSETCATALOG_COMPILER_APPICON_NAME = AppIcon;
				CODE_SIGN_STYLE = Automatic;
				CURRENT_PROJECT_VERSION = 1;
				DEVELOPMENT_ASSET_PATHS = "";
				DEVELOPMENT_TEAM = 2BAP893T5X;
				ENABLE_PREVIEWS = YES;
				GENERATE_INFOPLIST_FILE = NO;
				INFOPLIST_FILE = BeautyConcierge/Info.plist;
				MARKETING_VERSION = 1.0;
				PRODUCT_BUNDLE_IDENTIFIER = com.dimalitin.lumabeautyid.dev;
				PRODUCT_NAME = "$(TARGET_NAME)";
				SWIFT_EMIT_LOC_STRINGS = YES;
				SWIFT_VERSION = 5.0;
				TARGETED_DEVICE_FAMILY = 1;
			};
			name = Release;
		};
		331C5106741EE8E14B752D88 /* Debug */ = {
			isa = XCBuildConfiguration;
			buildSettings = {
				API_BASE_URL = "https://api-staging.lumatestdomen.online";
				APP_ENVIRONMENT = staging;
				ASSETCATALOG_COMPILER_APPICON_NAME = AppIcon;
				CODE_SIGN_STYLE = Automatic;
				CURRENT_PROJECT_VERSION = 1;
				DEVELOPMENT_ASSET_PATHS = "";
				DEVELOPMENT_TEAM = 2BAP893T5X;
				ENABLE_PREVIEWS = YES;
				GENERATE_INFOPLIST_FILE = NO;
				INFOPLIST_FILE = BeautyConcierge/Info.plist;
				MARKETING_VERSION = 1.0;
				PRODUCT_BUNDLE_IDENTIFIER = com.dimalitin.lumabeautyid.dev;
				PRODUCT_NAME = "$(TARGET_NAME)";
				SWIFT_EMIT_LOC_STRINGS = YES;
				SWIFT_VERSION = 5.0;
				TARGETED_DEVICE_FAMILY = 1;
			};
			name = Debug;
		};
		88A29AB70C762FCDF6D9A1D3 /* Release */ = {
			isa = XCBuildConfiguration;
			buildSettings = {
				ALWAYS_SEARCH_USER_PATHS = NO;
				CLANG_ANALYZER_NONNULL = YES;
				CLANG_ANALYZER_NUMBER_OBJECT_CONVERSION = YES_AGGRESSIVE;
				CLANG_CXX_LANGUAGE_STANDARD = "gnu++20";
				CLANG_ENABLE_MODULES = YES;
				CLANG_ENABLE_OBJC_ARC = YES;
				CLANG_ENABLE_OBJC_WEAK = YES;
				CLANG_WARN_BLOCK_CAPTURE_AUTORELEASING = YES;
				CLANG_WARN_BOOL_CONVERSION = YES;
				CLANG_WARN_COMMA = YES;
				CLANG_WARN_CONSTANT_CONVERSION = YES;
				CLANG_WARN_DEPRECATED_OBJC_IMPLEMENTATIONS = YES;
				CLANG_WARN_DIRECT_OBJC_ISA_USAGE = YES_ERROR;
				CLANG_WARN_DOCUMENTATION_COMMENTS = YES;
				CLANG_WARN_EMPTY_BODY = YES;
				CLANG_WARN_ENUM_CONVERSION = YES;
				CLANG_WARN_INFINITE_RECURSION = YES;
				CLANG_WARN_INT_CONVERSION = YES;
				CLANG_WARN_NON_LITERAL_NULL_CONVERSION = YES;
				CLANG_WARN_OBJC_IMPLICIT_RETAIN_SELF = YES;
				CLANG_WARN_OBJC_LITERAL_CONVERSION = YES;
				CLANG_WARN_OBJC_ROOT_CLASS = YES_ERROR;
				CLANG_WARN_QUOTED_INCLUDE_IN_FRAMEWORK_HEADER = YES;
				CLANG_WARN_RANGE_LOOP_ANALYSIS = YES;
				CLANG_WARN_STRICT_PROTOTYPES = YES;
				CLANG_WARN_SUSPICIOUS_MOVE = YES;
				CLANG_WARN_UNGUARDED_AVAILABILITY = YES_AGGRESSIVE;
				CLANG_WARN_UNREACHABLE_CODE = YES;
				CLANG_WARN__DUPLICATE_METHOD_MATCH = YES;
				COPY_PHASE_STRIP = NO;
				DEBUG_INFORMATION_FORMAT = "dwarf-with-dsym";
				ENABLE_NS_ASSERTIONS = NO;
				ENABLE_STRICT_OBJC_MSGSEND = YES;
				GCC_C_LANGUAGE_STANDARD = gnu17;
				GCC_NO_COMMON_BLOCKS = YES;
				GCC_WARN_64_TO_32_BIT_CONVERSION = YES;
				GCC_WARN_ABOUT_RETURN_TYPE = YES_ERROR;
				GCC_WARN_UNDECLARED_SELECTOR = YES;
				GCC_WARN_UNINITIALIZED_AUTOS = YES_AGGRESSIVE;
				GCC_WARN_UNUSED_FUNCTION = YES;
				GCC_WARN_UNUSED_VARIABLE = YES;
				IPHONEOS_DEPLOYMENT_TARGET = 17.0;
				SDKROOT = iphoneos;
				SWIFT_COMPILATION_MODE = wholemodule;
				SWIFT_VERSION = 5.0;
				VALIDATE_PRODUCT = YES;
			};
			name = Release;
		};
		C1000000000000000000000B /* Debug */ = {
			isa = XCBuildConfiguration;
			buildSettings = {
				BUNDLE_LOADER = "$(TEST_HOST)";
				CODE_SIGN_STYLE = Automatic;
				GENERATE_INFOPLIST_FILE = YES;
				IPHONEOS_DEPLOYMENT_TARGET = 17.0;
				PRODUCT_BUNDLE_IDENTIFIER = com.limeatelier.lumabeautyid.tests;
				PRODUCT_NAME = "$(TARGET_NAME)";
				SDKROOT = iphoneos;
				SWIFT_VERSION = 5.0;
				TARGETED_DEVICE_FAMILY = 1;
				TEST_HOST = "$(BUILT_PRODUCTS_DIR)/BeautyConcierge.app/$(BUNDLE_EXECUTABLE_FOLDER_PATH)/BeautyConcierge";
			};
			name = Debug;
		};
		C1000000000000000000000C /* Release */ = {
			isa = XCBuildConfiguration;
			buildSettings = {
				BUNDLE_LOADER = "$(TEST_HOST)";
				CODE_SIGN_STYLE = Automatic;
				GENERATE_INFOPLIST_FILE = YES;
				IPHONEOS_DEPLOYMENT_TARGET = 17.0;
				PRODUCT_BUNDLE_IDENTIFIER = com.limeatelier.lumabeautyid.tests;
				PRODUCT_NAME = "$(TARGET_NAME)";
				SDKROOT = iphoneos;
				SWIFT_VERSION = 5.0;
				TARGETED_DEVICE_FAMILY = 1;
				TEST_HOST = "$(BUILT_PRODUCTS_DIR)/BeautyConcierge.app/$(BUNDLE_EXECUTABLE_FOLDER_PATH)/BeautyConcierge";
			};
			name = Release;
		};
		C19BB360D63F1BA9F02BAB59 /* Debug */ = {
			isa = XCBuildConfiguration;
			buildSettings = {
				ALWAYS_SEARCH_USER_PATHS = NO;
				CLANG_ANALYZER_NONNULL = YES;
				CLANG_ANALYZER_NUMBER_OBJECT_CONVERSION = YES_AGGRESSIVE;
				CLANG_CXX_LANGUAGE_STANDARD = "gnu++20";
				CLANG_ENABLE_MODULES = YES;
				CLANG_ENABLE_OBJC_ARC = YES;
				CLANG_ENABLE_OBJC_WEAK = YES;
				CLANG_WARN_BLOCK_CAPTURE_AUTORELEASING = YES;
				CLANG_WARN_BOOL_CONVERSION = YES;
				CLANG_WARN_COMMA = YES;
				CLANG_WARN_CONSTANT_CONVERSION = YES;
				CLANG_WARN_DEPRECATED_OBJC_IMPLEMENTATIONS = YES;
				CLANG_WARN_DIRECT_OBJC_ISA_USAGE = YES_ERROR;
				CLANG_WARN_DOCUMENTATION_COMMENTS = YES;
				CLANG_WARN_EMPTY_BODY = YES;
				CLANG_WARN_ENUM_CONVERSION = YES;
				CLANG_WARN_INFINITE_RECURSION = YES;
				CLANG_WARN_INT_CONVERSION = YES;
				CLANG_WARN_NON_LITERAL_NULL_CONVERSION = YES;
				CLANG_WARN_OBJC_IMPLICIT_RETAIN_SELF = YES;
				CLANG_WARN_OBJC_LITERAL_CONVERSION = YES;
				CLANG_WARN_OBJC_ROOT_CLASS = YES_ERROR;
				CLANG_WARN_QUOTED_INCLUDE_IN_FRAMEWORK_HEADER = YES;
				CLANG_WARN_RANGE_LOOP_ANALYSIS = YES;
				CLANG_WARN_STRICT_PROTOTYPES = YES;
				CLANG_WARN_SUSPICIOUS_MOVE = YES;
				CLANG_WARN_UNGUARDED_AVAILABILITY = YES_AGGRESSIVE;
				CLANG_WARN_UNREACHABLE_CODE = YES;
				CLANG_WARN__DUPLICATE_METHOD_MATCH = YES;
				COPY_PHASE_STRIP = NO;
				DEBUG_INFORMATION_FORMAT = dwarf;
				ENABLE_STRICT_OBJC_MSGSEND = YES;
				ENABLE_TESTABILITY = YES;
				GCC_C_LANGUAGE_STANDARD = gnu17;
				GCC_NO_COMMON_BLOCKS = YES;
				GCC_OPTIMIZATION_LEVEL = 0;
				GCC_WARN_64_TO_32_BIT_CONVERSION = YES;
				GCC_WARN_ABOUT_RETURN_TYPE = YES_ERROR;
				GCC_WARN_UNDECLARED_SELECTOR = YES;
				GCC_WARN_UNINITIALIZED_AUTOS = YES_AGGRESSIVE;
				GCC_WARN_UNUSED_FUNCTION = YES;
				GCC_WARN_UNUSED_VARIABLE = YES;
				IPHONEOS_DEPLOYMENT_TARGET = 17.0;
				SDKROOT = iphoneos;
				SWIFT_ACTIVE_COMPILATION_CONDITIONS = DEBUG;
				SWIFT_VERSION = 5.0;
			};
			name = Debug;
		};
/* End XCBuildConfiguration section */

/* Begin XCConfigurationList section */
		7EF2517A8FE63F4681EC5EEA /* Build configuration list for PBXProject "BeautyConcierge" */ = {
			isa = XCConfigurationList;
			buildConfigurations = (
				C19BB360D63F1BA9F02BAB59 /* Debug */,
				88A29AB70C762FCDF6D9A1D3 /* Release */,
			);
			defaultConfigurationIsVisible = 0;
			defaultConfigurationName = Release;
		};
		C1000000000000000000000D /* Build configuration list for PBXNativeTarget "BeautyConciergeTests" */ = {
			isa = XCConfigurationList;
			buildConfigurations = (
				C1000000000000000000000B /* Debug */,
				C1000000000000000000000C /* Release */,
			);
			defaultConfigurationIsVisible = 0;
			defaultConfigurationName = Release;
		};
		F2F62AAE534BA46EC59716F3 /* Build configuration list for PBXNativeTarget "BeautyConcierge" */ = {
			isa = XCConfigurationList;
			buildConfigurations = (
				331C5106741EE8E14B752D88 /* Debug */,
				256639833029BCA847F093AE /* Release */,
			);
			defaultConfigurationIsVisible = 0;
			defaultConfigurationName = Release;
		};
/* End XCConfigurationList section */
	};
	rootObject = AFC74C69B8FAF538E614821C /* Project object */;
}
